<?xml version="1.0" encoding="utf-8"?>
<Project ToolsVersion="4.0" xmlns="http://schemas.microsoft.com/developer/msbuild/2003">
  <ItemGroup>
    <ClCompile Include="Ente.cpp">
      <Filter>source</Filter>
    </ClCompile>
    <ClCompile Include="Entidade.cpp">
      <Filter>source</Filter>
    </ClCompile>
    <ClCompile Include="Fase.cpp">
      <Filter>source</Filter>
    </ClCompile>
    <ClCompile Include="Fase1.cpp">
      <Filter>source</Filter>
    </ClCompile>
    <ClCompile Include="Fase2.cpp">
      <Filter>source</Filter>
    </ClCompile>
    <ClCompile Include="Gerenciador_Eventos.cpp">
      <Filter>source</Filter>
    </ClCompile>
    <ClCompile Include="Gerenciador_Grafico.cpp">
      <Filter>source</Filter>
    </ClCompile>
    <ClCompile Include="Gerenciador_Input.cpp">
      <Filter>source</Filter>
    </ClCompile>
    <ClCompile Include="Inimigo.cpp">
      <Filter>source</Filter>
    </ClCompile>
    <ClCompile Include="Inimigo_A.cpp">
      <Filter>source</Filter>
    </ClCompile>
    <ClCompile Include="Inimigo_B.cpp">
      <Filter>source</Filter>
    </ClCompile>
    <ClCompile Include="Inimigo_C.cpp">
      <Filter>source</Filter>
    </ClCompile>
    <ClCompile Include="Jogador.cpp">
      <Filter>source</Filter>
    </ClCompile>
    <ClCompile Include="Jogo.cpp">
      <Filter>source</Filter>
    </ClCompile>
    <ClCompile Include="ListaEntidades.cpp">
      <Filter>source</Filter>
    </ClCompile>
    <ClCompile Include="Main.cpp">
      <Filter>source</Filter>
    </ClCompile>
    <ClCompile Include="Menu.cpp">
      <Filter>source</Filter>
    </ClCompile>
    <ClCompile Include="Obst_A.cpp">
      <Filter>source</Filter>
    </ClCompile>
    <ClCompile Include="Obst_B.cpp">
      <Filter>source</Filter>
    </ClCompile>
    <ClCompile Include="Obst_C.cpp">
      <Filter>source</Filter>
    </ClCompile>
    <ClCompile Include="Obstaculo.cpp">
      <Filter>source</Filter>
    </ClCompile>
    <ClCompile Include="Personagem.cpp">
      <Filter>source</Filter>
    </ClCompile>
    <ClCompile Include="Projetil.cpp">
      <Filter>source</Filter>
    </ClCompile>
    <ClCompile Include="Gerenciador_Colisoes.cpp">
      <Filter>source</Filter>
    </ClCompile>
    <ClCompile Include="AnimacaoEstatica.cpp">
      <Filter>source</Filter>
    </ClCompile>
    <ClCompile Include="AnimacaoMovimento.cpp">
      <Filter>source</Filter>
    </ClCompile>
    <ClCompile Include="EntidadeEstatica.cpp" />
  </ItemGroup>
  <ItemGroup>
    <ClInclude Include="CoordenadaTL.h">
      <Filter>include</Filter>
    </ClInclude>
    <ClInclude Include="Elemento.h">
      <Filter>include</Filter>
    </ClInclude>
    <ClInclude Include="Entidade.h">
      <Filter>include</Filter>
    </ClInclude>
    <ClInclude Include="Ente.h">
      <Filter>include</Filter>
    </ClInclude>
    <ClInclude Include="Fase.h">
      <Filter>include</Filter>
    </ClInclude>
    <ClInclude Include="Fase1.h">
      <Filter>include</Filter>
    </ClInclude>
    <ClInclude Include="Fase2.h">
      <Filter>include</Filter>
    </ClInclude>
    <ClInclude Include="Gerenciador_Eventos.h">
      <Filter>include</Filter>
    </ClInclude>
    <ClInclude Include="Gerenciador_Grafico.h">
      <Filter>include</Filter>
    </ClInclude>
    <ClInclude Include="Gerenciador_Input.h">
      <Filter>include</Filter>
    </ClInclude>
    <ClInclude Include="Inimigo.h">
      <Filter>include</Filter>
    </ClInclude>
    <ClInclude Include="Inimigo_A.h">
      <Filter>include</Filter>
    </ClInclude>
    <ClInclude Include="Inimigo_B.h">
      <Filter>include</Filter>
    </ClInclude>
    <ClInclude Include="Inimigo_C.h">
      <Filter>include</Filter>
    </ClInclude>
    <ClInclude Include="Jogador.h">
      <Filter>include</Filter>
    </ClInclude>
    <ClInclude Include="Jogo.h">
      <Filter>include</Filter>
    </ClInclude>
    <ClInclude Include="Lista.h">
      <Filter>include</Filter>
    </ClInclude>
    <ClInclude Include="ListaEntidades.h">
      <Filter>include</Filter>
    </ClInclude>
    <ClInclude Include="Menu.h">
      <Filter>include</Filter>
    </ClInclude>
    <ClInclude Include="Obst_A.h">
      <Filter>include</Filter>
    </ClInclude>
    <ClInclude Include="Obst_B.h">
      <Filter>include</Filter>
    </ClInclude>
    <ClInclude Include="Obst_C.h">
      <Filter>include</Filter>
    </ClInclude>
    <ClInclude Include="Obstaculo.h">
      <Filter>include</Filter>
    </ClInclude>
    <ClInclude Include="Personagem.h">
      <Filter>include</Filter>
    </ClInclude>
    <ClInclude Include="Projetil.h">
      <Filter>include</Filter>
    </ClInclude>
    <ClInclude Include="Gerenciador_Colisoes.h">
      <Filter>include</Filter>
    </ClInclude>
    <ClInclude Include="AnimacaoEstatica.h">
      <Filter>include</Filter>
    </ClInclude>
    <ClInclude Include="AnimacaoMovimento.h">
      <Filter>include</Filter>
    </ClInclude>
    <ClInclude Include="EntidadeEstatica.h" />
  </ItemGroup>
  <ItemGroup>
    <Filter Include="include">
      <UniqueIdentifier>{1b2282c7-d555-4b22-a0cf-7f1888b385b6}</UniqueIdentifier>
    </Filter>
    <Filter Include="source">
      <UniqueIdentifier>{e69b79c9-ed46-478e-9d47-ac5d8f25f17e}</UniqueIdentifier>
    </Filter>
  </ItemGroup>
</Project>